github.com/yunginnanet/common v1.0.1 h1:Sx7i9y4AgB+iOJAwClbopHssVLeBuznokr9S2wfcd5U=
github.com/yunginnanet/common v1.0.1/go.mod h1:I2nP5CQ7N/sn91C9xmUNwMM9a/Va/NqSHZdkv5RRqaI=
golang.org/x/text v0.25.0 h1:qVyWApTSYLk/drJRO5mDlNYskwQznZmkpV2c8q9zls4=
golang.org/x/text v0.25.0/go.mod h1:WEdwpYrmk1qmdHvhkSTNPm3app7v4rsT8F2UD6+VHIA=
